// !$*UTF8*$!
{
	archiveVersion = 1;
	classes = {
	};
	objectVersion = 46;
	objects = {

/* Begin PBXBuildFile section */
		61E73ADF1D20AC4A00629CF1 /* AppDelegate.swift in Sources */ = {isa = PBXBuildFile; fileRef = 61E73ADE1D20AC4A00629CF1 /* AppDelegate.swift */; };
		61E73AE11D20AC4A00629CF1 /* ViewController.swift in Sources */ = {isa = PBXBuildFile; fileRef = 61E73AE01D20AC4A00629CF1 /* ViewController.swift */; };
		61E73AE41D20AC4A00629CF1 /* Main.storyboard in Resources */ = {isa = PBXBuildFile; fileRef = 61E73AE21D20AC4A00629CF1 /* Main.storyboard */; };
		61E73AE61D20AC4A00629CF1 /* Assets.xcassets in Resources */ = {isa = PBXBuildFile; fileRef = 61E73AE51D20AC4A00629CF1 /* Assets.xcassets */; };
		61E73AE91D20AC4A00629CF1 /* LaunchScreen.storyboard in Resources */ = {isa = PBXBuildFile; fileRef = 61E73AE71D20AC4A00629CF1 /* LaunchScreen.storyboard */; };
		61E73AF11D20AD7A00629CF1 /* RecycleTableViewController.swift in Sources */ = {isa = PBXBuildFile; fileRef = 61E73AF01D20AD7A00629CF1 /* RecycleTableViewController.swift */; };
		61E73AF31D20AF7D00629CF1 /* MenuTableViewController.swift in Sources */ = {isa = PBXBuildFile; fileRef = 61E73AF21D20AF7D00629CF1 /* MenuTableViewController.swift */; };
/* End PBXBuildFile section */

/* Begin PBXFileReference section */
		61E73ADB1D20AC4A00629CF1 /* Trash Sorter.app */ = {isa = PBXFileReference; explicitFileType = wrapper.application; includeInIndex = 0; path = "Trash Sorter.app"; sourceTree = BUILT_PRODUCTS_DIR; };
		61E73ADE1D20AC4A00629CF1 /* AppDelegate.swift */ = {isa = PBXFileReference; lastKnownFileType = sourcecode.swift; path = AppDelegate.swift; sourceTree = "<group>"; };
		61E73AE01D20AC4A00629CF1 /* ViewController.swift */ = {isa = PBXFileReference; lastKnownFileType = sourcecode.swift; path = ViewController.swift; sourceTree = "<group>"; };
		61E73AE31D20AC4A00629CF1 /* Base */ = {isa = PBXFileReference; lastKnownFileType = file.storyboard; name = Base; path = Base.lproj/Main.storyboard; sourceTree = "<group>"; };
		61E73AE51D20AC4A00629CF1 /* Assets.xcassets */ = {isa = PBXFileReference; lastKnownFileType = folder.assetcatalog; path = Assets.xcassets; sourceTree = "<group>"; };
		61E73AE81D20AC4A00629CF1 /* Base */ = {isa = PBXFileReference; lastKnownFileType = file.storyboard; name = Base; path = Base.lproj/LaunchScreen.storyboard; sourceTree = "<group>"; };
		61E73AEA1D20AC4A00629CF1 /* Info.plist */ = {isa = PBXFileReference; lastKnownFileType = text.plist.xml; path = Info.plist; sourceTree = "<group>"; };
		61E73AF01D20AD7A00629CF1 /* RecycleTableViewController.swift */ = {isa = PBXFileReference; fileEncoding = 4; lastKnownFileType = sourcecode.swift; path = RecycleTableViewController.swift; sourceTree = "<group>"; };
		61E73AF21D20AF7D00629CF1 /* MenuTableViewController.swift */ = {isa = PBXFileReference; fileEncoding = 4; lastKnownFileType = sourcecode.swift; path = MenuTableViewController.swift; sourceTree = "<group>"; };
/* End PBXFileReference section */

/* Begin PBXFrameworksBuildPhase section */
		61E73AD81D20AC4A00629CF1 /* Frameworks */ = {
			isa = PBXFrameworksBuildPhase;
			buildActionMask = 2147483647;
			files = (
			);
			runOnlyForDeploymentPostprocessing = 0;
		};
/* End PBXFrameworksBuildPhase section */

/* Begin PBXGroup section */
		61E73AD21D20AC4A00629CF1 = {
			isa = PBXGroup;
			children = (
				61E73ADD1D20AC4A00629CF1 /* Trash Sorter */,
				61E73ADC1D20AC4A00629CF1 /* Products */,
			);
			sourceTree = "<group>";
		};
		61E73ADC1D20AC4A00629CF1 /* Products */ = {
			isa = PBXGroup;
			children = (
				61E73ADB1D20AC4A00629CF1 /* Trash Sorter.app */,
			);
			name = Products;
			sourceTree = "<group>";
		};
		61E73ADD1D20AC4A00629CF1 /* Trash Sorter */ = {
			isa = PBXGroup;
			children = (
				61E73ADE1D20AC4A00629CF1 /* AppDelegate.swift */,
				61E73AE01D20AC4A00629CF1 /* ViewController.swift */,
				61E73AE21D20AC4A00629CF1 /* Main.storyboard */,
				61E73AF21D20AF7D00629CF1 /* MenuTableViewController.swift */,
				61E73AF01D20AD7A00629CF1 /* RecycleTableViewController.swift */,
				61E73AE51D20AC4A00629CF1 /* Assets.xcassets */,
				61E73AE71D20AC4A00629CF1 /* LaunchScreen.storyboard */,
				61E73AEA1D20AC4A00629CF1 /* Info.plist */,
			);
			path = "Trash Sorter";
			sourceTree = "<group>";
		};
/* End PBXGroup section */

/* Begin PBXNativeTarget section */
		61E73ADA1D20AC4A00629CF1 /* Trash Sorter */ = {
			isa = PBXNativeTarget;
			buildConfigurationList = 61E73AED1D20AC4A00629CF1 /* Build configuration list for PBXNativeTarget "Trash Sorter" */;
			buildPhases = (
				61E73AD71D20AC4A00629CF1 /* Sources */,
				61E73AD81D20AC4A00629CF1 /* Frameworks */,
				61E73AD91D20AC4A00629CF1 /* Resources */,
			);
			buildRules = (
			);
			dependencies = (
			);
			name = "Trash Sorter";
			productName = "Trash Sorter";
			productReference = 61E73ADB1D20AC4A00629CF1 /* Trash Sorter.app */;
			productType = "com.apple.product-type.application";
		};
/* End PBXNativeTarget section */

/* Begin PBXProject section */
		61E73AD31D20AC4A00629CF1 /* Project object */ = {
			isa = PBXProject;
			attributes = {
				LastSwiftUpdateCheck = 0730;
				LastUpgradeCheck = 0730;
				ORGANIZATIONNAME = "Make School";
				TargetAttributes = {
					61E73ADA1D20AC4A00629CF1 = {
						CreatedOnToolsVersion = 7.3.1;
					};
				};
			};
			buildConfigurationList = 61E73AD61D20AC4A00629CF1 /* Build configuration list for PBXProject "Trash Sorter" */;
			compatibilityVersion = "Xcode 3.2";
			developmentRegion = English;
			hasScannedForEncodings = 0;
			knownRegions = (
				en,
				Base,
			);
			mainGroup = 61E73AD21D20AC4A00629CF1;
			productRefGroup = 61E73ADC1D20AC4A00629CF1 /* Products */;
			projectDirPath = "";
			projectRoot = "";
			targets = (
				61E73ADA1D20AC4A00629CF1 /* Trash Sorter */,
			);
		};
/* End PBXProject section */

/* Begin PBXResourcesBuildPhase section */
		61E73AD91D20AC4A00629CF1 /* Resources */ = {
			isa = PBXResourcesBuildPhase;
			buildActionMask = 2147483647;
			files = (
				61E73AE91D20AC4A00629CF1 /* LaunchScreen.storyboard in Resources */,
				61E73AE61D20AC4A00629CF1 /* Assets.xcassets in Resources */,
				61E73AE41D20AC4A00629CF1 /* Main.storyboard in Resources */,
			);
			runOnlyForDeploymentPostprocessing = 0;
		};
/* End PBXResourcesBuildPhase section */

/* Begin PBXSourcesBuildPhase section */
		61E73AD71D20AC4A00629CF1 /* Sources */ = {
			isa = PBXSourcesBuildPhase;
			buildActionMask = 2147483647;
			files = (
				61E73AF31D20AF7D00629CF1 /* MenuTableViewController.swift in Sources */,
				61E73AF11D20AD7A00629CF1 /* RecycleTableViewController.swift in Sources */,
				61E73AE11D20AC4A00629CF1 /* ViewController.swift in Sources */,
				61E73ADF1D20AC4A00629CF1 /* AppDelegate.swift in Sources */,
			);
			runOnlyForDeploymentPostprocessing = 0;
		};
/* End PBXSourcesBuildPhase section */

/* Begin PBXVariantGroup section */
		61E73AE21D20AC4A00629CF1 /* Main.storyboard */ = {
			isa = PBXVariantGroup;
			children = (
				61E73AE31D20AC4A00629CF1 /* Base */,
			);
			name = Main.storyboard;
			sourceTree = "<group>";
		};
		61E73AE71D20AC4A00629CF1 /* LaunchScreen.storyboard */ = {
			isa = PBXVariantGroup;
			children = (
				61E73AE81D20AC4A00629CF1 /* Base */,
			);
			name = LaunchScreen.storyboard;
			sourceTree = "<group>";
		};
/* End PBXVariantGroup section */

/* Begin XCBuildConfiguration section */
		61E73AEB1D20AC4A00629CF1 /* Debug */ = {
			isa = XCBuildConfiguration;
			buildSettings = {
				ALWAYS_SEARCH_USER_PATHS = NO;
				CLANG_ANALYZER_NONNULL = YES;
				CLANG_CXX_LANGUAGE_STANDARD = "gnu++0x";
				CLANG_CXX_LIBRARY = "libc++";
				CLANG_ENABLE_MODULES = YES;
				CLANG_ENABLE_OBJC_ARC = YES;
				CLANG_WARN_BOOL_CONVERSION = YES;
				CLANG_WARN_CONSTANT_CONVERSION = YES;
				CLANG_WARN_DIRECT_OBJC_ISA_USAGE = YES_ERROR;
				CLANG_WARN_EMPTY_BODY = YES;
				CLANG_WARN_ENUM_CONVERSION = YES;
				CLANG_WARN_INT_CONVERSION = YES;
				CLANG_WARN_OBJC_ROOT_CLASS = YES_ERROR;
				CLANG_WARN_UNREACHABLE_CODE = YES;
				CLANG_WARN__DUPLICATE_METHOD_MATCH = YES;
				"CODE_SIGN_IDENTITY[sdk=iphoneos*]" = "iPhone Developer";
				COPY_PHASE_STRIP = NO;
				DEBUG_INFORMATION_FORMAT = dwarf;
				ENABLE_STRICT_OBJC_MSGSEND = YES;
				ENABLE_TESTABILITY = YES;
				GCC_C_LANGUAGE_STANDARD = gnu99;
				GCC_DYNAMIC_NO_PIC = NO;
				GCC_NO_COMMON_BLOCKS = YES;
				GCC_OPTIMIZATION_LEVEL = 0;
				GCC_PREPROCESSOR_DEFINITIONS = (
					"DEBUG=1",
					"$(inherited)",
				);
				GCC_WARN_64_TO_32_BIT_CONVERSION = YES;
				GCC_WARN_ABOUT_RETURN_TYPE = YES_ERROR;
				GCC_WARN_UNDECLARED_SELECTOR = YES;
				GCC_WARN_UNINITIALIZED_AUTOS = YES_AGGRESSIVE;
				GCC_WARN_UNUSED_FUNCTION = YES;
				GCC_WARN_UNUSED_VARIABLE = YES;
				IPHONEOS_DEPLOYMENT_TARGET = 9.3;
				MTL_ENABLE_DEBUG_INFO = YES;
				ONLY_ACTIVE_ARCH = YES;
				SDKROOT = iphoneos;
				SWIFT_OPTIMIZATION_LEVEL = "-Onone";
				TARGETED_DEVICE_FAMILY = "1,2";
			};
			name = Debug;
		};
		61E73AEC1D20AC4A00629CF1 /* Release */ = {
			isa = XCBuildConfiguration;
			buildSettings = {
				ALWAYS_SEARCH_USER_PATHS = NO;
				CLANG_ANALYZER_NONNULL = YES;
				CLANG_CXX_LANGUAGE_STANDARD = "gnu++0x";
				CLANG_CXX_LIBRARY = "libc++";
				CLANG_ENABLE_MODULES = YES;
				CLANG_ENABLE_OBJC_ARC = YES;
				CLANG_WARN_BOOL_CONVERSION = YES;
				CLANG_WARN_CONSTANT_CONVERSION = YES;
				CLANG_WARN_DIRECT_OBJC_ISA_USAGE = YES_ERROR;
				CLANG_WARN_EMPTY_BODY = YES;
				CLANG_WARN_ENUM_CONVERSION = YES;
				CLANG_WARN_INT_CONVERSION = YES;
				CLANG_WARN_OBJC_ROOT_CLASS = YES_ERROR;
				CLANG_WARN_UNREACHABLE_CODE = YES;
				CLANG_WARN__DUPLICATE_METHOD_MATCH = YES;
				"CODE_SIGN_IDENTITY[sdk=iphoneos*]" = "iPhone Developer";
				COPY_PHASE_STRIP = NO;
				DEBUG_INFORMATION_FORMAT = "dwarf-with-dsym";
				ENABLE_NS_ASSERTIONS = NO;
				ENABLE_STRICT_OBJC_MSGSEND = YES;
				GCC_C_LANGUAGE_STANDARD = gnu99;
				GCC_NO_COMMON_BLOCKS = YES;
				GCC_WARN_64_TO_32_BIT_CONVERSION = YES;
				GCC_WARN_ABOUT_RETURN_TYPE = YES_ERROR;
				GCC_WARN_UNDECLARED_SELECTOR = YES;
				GCC_WARN_UNINITIALIZED_AUTOS = YES_AGGRESSIVE;
				GCC_WARN_UNUSED_FUNCTION = YES;
				GCC_WARN_UNUSED_VARIABLE = YES;
				IPHONEOS_DEPLOYMENT_TARGET = 9.3;
				MTL_ENABLE_DEBUG_INFO = NO;
				SDKROOT = iphoneos;
				TARGETED_DEVICE_FAMILY = "1,2";
				VALIDATE_PRODUCT = YES;
			};
			name = Release;
		};
		61E73AEE1D20AC4A00629CF1 /* Debug */ = {
			isa = XCBuildConfiguration;
			buildSettings = {
				ASSETCATALOG_COMPILER_APPICON_NAME = AppIcon;
				INFOPLIST_FILE = "Trash Sorter/Info.plist";
				LD_RUNPATH_SEARCH_PATHS = "$(inherited) @executable_path/Frameworks";
				PRODUCT_BUNDLE_IDENTIFIER = "com.makeschool.Trash-Sorter";
				PRODUCT_NAME = "$(TARGET_NAME)";
			};
			name = Debug;
		};
		61E73AEF1D20AC4A00629CF1 /* Release */ = {
			isa = XCBuildConfiguration;
			buildSettings = {
				ASSETCATALOG_COMPILER_APPICON_NAME = AppIcon;
				INFOPLIST_FILE = "Trash Sorter/Info.plist";
				LD_RUNPATH_SEARCH_PATHS = "$(inherited) @executable_path/Frameworks";
				PRODUCT_BUNDLE_IDENTIFIER = "com.makeschool.Trash-Sorter";
				PRODUCT_NAME = "$(TARGET_NAME)";
			};
			name = Release;
		};
/* End XCBuildConfiguration section */

/* Begin XCConfigurationList section */
		61E73AD61D20AC4A00629CF1 /* Build configuration list for PBXProject "Trash Sorter" */ = {
			isa = XCConfigurationList;
			buildConfigurations = (
				61E73AEB1D20AC4A00629CF1 /* Debug */,
				61E73AEC1D20AC4A00629CF1 /* Release */,
			);
			defaultConfigurationIsVisible = 0;
			defaultConfigurationName = Release;
		};
		61E73AED1D20AC4A00629CF1 /* Build configuration list for PBXNativeTarget "Trash Sorter" */ = {
			isa = XCConfigurationList;
			buildConfigurations = (
				61E73AEE1D20AC4A00629CF1 /* Debug */,
				61E73AEF1D20AC4A00629CF1 /* Release */,
			);
			defaultConfigurationIsVisible = 0;
		};
/* End XCConfigurationList section */
	};
	rootObject = 61E73AD31D20AC4A00629CF1 /* Project object */;
}
