// !$*UTF8*$!
{
	archiveVersion = 1;
	classes = {
	};
	objectVersion = 46;
	objects = {

/* Begin PBXBuildFile section */
		616022B91D18973C00891945 /* AppDelegate.swift in Sources */ = {isa = PBXBuildFile; fileRef = 616022B81D18973C00891945 /* AppDelegate.swift */; };
		616022BB1D18973C00891945 /* ViewController.swift in Sources */ = {isa = PBXBuildFile; fileRef = 616022BA1D18973C00891945 /* ViewController.swift */; };
		616022BE1D18973C00891945 /* Main.storyboard in Resources */ = {isa = PBXBuildFile; fileRef = 616022BC1D18973C00891945 /* Main.storyboard */; };
		616022C01D18973C00891945 /* Assets.xcassets in Resources */ = {isa = PBXBuildFile; fileRef = 616022BF1D18973C00891945 /* Assets.xcassets */; };
		616022C31D18973C00891945 /* LaunchScreen.storyboard in Resources */ = {isa = PBXBuildFile; fileRef = 616022C11D18973C00891945 /* LaunchScreen.storyboard */; };
/* End PBXBuildFile section */

/* Begin PBXFileReference section */
		616022B51D18973C00891945 /* Tip Me 2.0.app */ = {isa = PBXFileReference; explicitFileType = wrapper.application; includeInIndex = 0; path = "Tip Me 2.0.app"; sourceTree = BUILT_PRODUCTS_DIR; };
		616022B81D18973C00891945 /* AppDelegate.swift */ = {isa = PBXFileReference; lastKnownFileType = sourcecode.swift; path = AppDelegate.swift; sourceTree = "<group>"; };
		616022BA1D18973C00891945 /* ViewController.swift */ = {isa = PBXFileReference; lastKnownFileType = sourcecode.swift; path = ViewController.swift; sourceTree = "<group>"; };
		616022BD1D18973C00891945 /* Base */ = {isa = PBXFileReference; lastKnownFileType = file.storyboard; name = Base; path = Base.lproj/Main.storyboard; sourceTree = "<group>"; };
		616022BF1D18973C00891945 /* Assets.xcassets */ = {isa = PBXFileReference; lastKnownFileType = folder.assetcatalog; path = Assets.xcassets; sourceTree = "<group>"; };
		616022C21D18973C00891945 /* Base */ = {isa = PBXFileReference; lastKnownFileType = file.storyboard; name = Base; path = Base.lproj/LaunchScreen.storyboard; sourceTree = "<group>"; };
		616022C41D18973C00891945 /* Info.plist */ = {isa = PBXFileReference; lastKnownFileType = text.plist.xml; path = Info.plist; sourceTree = "<group>"; };
/* End PBXFileReference section */

/* Begin PBXFrameworksBuildPhase section */
		616022B21D18973C00891945 /* Frameworks */ = {
			isa = PBXFrameworksBuildPhase;
			buildActionMask = 2147483647;
			files = (
			);
			runOnlyForDeploymentPostprocessing = 0;
		};
/* End PBXFrameworksBuildPhase section */

/* Begin PBXGroup section */
		616022AC1D18973C00891945 = {
			isa = PBXGroup;
			children = (
				616022B71D18973C00891945 /* Tip Me 2.0 */,
				616022B61D18973C00891945 /* Products */,
			);
			sourceTree = "<group>";
		};
		616022B61D18973C00891945 /* Products */ = {
			isa = PBXGroup;
			children = (
				616022B51D18973C00891945 /* Tip Me 2.0.app */,
			);
			name = Products;
			sourceTree = "<group>";
		};
		616022B71D18973C00891945 /* Tip Me 2.0 */ = {
			isa = PBXGroup;
			children = (
				616022B81D18973C00891945 /* AppDelegate.swift */,
				616022BA1D18973C00891945 /* ViewController.swift */,
				616022BC1D18973C00891945 /* Main.storyboard */,
				616022BF1D18973C00891945 /* Assets.xcassets */,
				616022C11D18973C00891945 /* LaunchScreen.storyboard */,
				616022C41D18973C00891945 /* Info.plist */,
			);
			path = "Tip Me 2.0";
			sourceTree = "<group>";
		};
/* End PBXGroup section */

/* Begin PBXNativeTarget section */
		616022B41D18973C00891945 /* Tip Me 2.0 */ = {
			isa = PBXNativeTarget;
			buildConfigurationList = 616022C71D18973C00891945 /* Build configuration list for PBXNativeTarget "Tip Me 2.0" */;
			buildPhases = (
				616022B11D18973C00891945 /* Sources */,
				616022B21D18973C00891945 /* Frameworks */,
				616022B31D18973C00891945 /* Resources */,
			);
			buildRules = (
			);
			dependencies = (
			);
			name = "Tip Me 2.0";
			productName = "Tip Me 2.0";
			productReference = 616022B51D18973C00891945 /* Tip Me 2.0.app */;
			productType = "com.apple.product-type.application";
		};
/* End PBXNativeTarget section */

/* Begin PBXProject section */
		616022AD1D18973C00891945 /* Project object */ = {
			isa = PBXProject;
			attributes = {
				LastSwiftUpdateCheck = 0720;
				LastUpgradeCheck = 0720;
				ORGANIZATIONNAME = "Make School";
				TargetAttributes = {
					616022B41D18973C00891945 = {
						CreatedOnToolsVersion = 7.2.1;
					};
				};
			};
			buildConfigurationList = 616022B01D18973C00891945 /* Build configuration list for PBXProject "Tip Me 2.0" */;
			compatibilityVersion = "Xcode 3.2";
			developmentRegion = English;
			hasScannedForEncodings = 0;
			knownRegions = (
				en,
				Base,
			);
			mainGroup = 616022AC1D18973C00891945;
			productRefGroup = 616022B61D18973C00891945 /* Products */;
			projectDirPath = "";
			projectRoot = "";
			targets = (
				616022B41D18973C00891945 /* Tip Me 2.0 */,
			);
		};
/* End PBXProject section */

/* Begin PBXResourcesBuildPhase section */
		616022B31D18973C00891945 /* Resources */ = {
			isa = PBXResourcesBuildPhase;
			buildActionMask = 2147483647;
			files = (
				616022C31D18973C00891945 /* LaunchScreen.storyboard in Resources */,
				616022C01D18973C00891945 /* Assets.xcassets in Resources */,
				616022BE1D18973C00891945 /* Main.storyboard in Resources */,
			);
			runOnlyForDeploymentPostprocessing = 0;
		};
/* End PBXResourcesBuildPhase section */

/* Begin PBXSourcesBuildPhase section */
		616022B11D18973C00891945 /* Sources */ = {
			isa = PBXSourcesBuildPhase;
			buildActionMask = 2147483647;
			files = (
				616022BB1D18973C00891945 /* ViewController.swift in Sources */,
				616022B91D18973C00891945 /* AppDelegate.swift in Sources */,
			);
			runOnlyForDeploymentPostprocessing = 0;
		};
/* End PBXSourcesBuildPhase section */

/* Begin PBXVariantGroup section */
		616022BC1D18973C00891945 /* Main.storyboard */ = {
			isa = PBXVariantGroup;
			children = (
				616022BD1D18973C00891945 /* Base */,
			);
			name = Main.storyboard;
			sourceTree = "<group>";
		};
		616022C11D18973C00891945 /* LaunchScreen.storyboard */ = {
			isa = PBXVariantGroup;
			children = (
				616022C21D18973C00891945 /* Base */,
			);
			name = LaunchScreen.storyboard;
			sourceTree = "<group>";
		};
/* End PBXVariantGroup section */

/* Begin XCBuildConfiguration section */
		616022C51D18973C00891945 /* Debug */ = {
			isa = XCBuildConfiguration;
			buildSettings = {
				ALWAYS_SEARCH_USER_PATHS = NO;
				CLANG_CXX_LANGUAGE_STANDARD = "gnu++0x";
				CLANG_CXX_LIBRARY = "libc++";
				CLANG_ENABLE_MODULES = YES;
				CLANG_ENABLE_OBJC_ARC = YES;
				CLANG_WARN_BOOL_CONVERSION = YES;
				CLANG_WARN_CONSTANT_CONVERSION = YES;
				CLANG_WARN_DIRECT_OBJC_ISA_USAGE = YES_ERROR;
				CLANG_WARN_EMPTY_BODY = YES;
				CLANG_WARN_ENUM_CONVERSION = YES;
				CLANG_WARN_INT_CONVERSION = YES;
				CLANG_WARN_OBJC_ROOT_CLASS = YES_ERROR;
				CLANG_WARN_UNREACHABLE_CODE = YES;
				CLANG_WARN__DUPLICATE_METHOD_MATCH = YES;
				"CODE_SIGN_IDENTITY[sdk=iphoneos*]" = "iPhone Developer";
				COPY_PHASE_STRIP = NO;
				DEBUG_INFORMATION_FORMAT = dwarf;
				ENABLE_STRICT_OBJC_MSGSEND = YES;
				ENABLE_TESTABILITY = YES;
				GCC_C_LANGUAGE_STANDARD = gnu99;
				GCC_DYNAMIC_NO_PIC = NO;
				GCC_NO_COMMON_BLOCKS = YES;
				GCC_OPTIMIZATION_LEVEL = 0;
				GCC_PREPROCESSOR_DEFINITIONS = (
					"DEBUG=1",
					"$(inherited)",
				);
				GCC_WARN_64_TO_32_BIT_CONVERSION = YES;
				GCC_WARN_ABOUT_RETURN_TYPE = YES_ERROR;
				GCC_WARN_UNDECLARED_SELECTOR = YES;
				GCC_WARN_UNINITIALIZED_AUTOS = YES_AGGRESSIVE;
				GCC_WARN_UNUSED_FUNCTION = YES;
				GCC_WARN_UNUSED_VARIABLE = YES;
				IPHONEOS_DEPLOYMENT_TARGET = 9.2;
				MTL_ENABLE_DEBUG_INFO = YES;
				ONLY_ACTIVE_ARCH = YES;
				SDKROOT = iphoneos;
				SWIFT_OPTIMIZATION_LEVEL = "-Onone";
				TARGETED_DEVICE_FAMILY = "1,2";
			};
			name = Debug;
		};
		616022C61D18973C00891945 /* Release */ = {
			isa = XCBuildConfiguration;
			buildSettings = {
				ALWAYS_SEARCH_USER_PATHS = NO;
				CLANG_CXX_LANGUAGE_STANDARD = "gnu++0x";
				CLANG_CXX_LIBRARY = "libc++";
				CLANG_ENABLE_MODULES = YES;
				CLANG_ENABLE_OBJC_ARC = YES;
				CLANG_WARN_BOOL_CONVERSION = YES;
				CLANG_WARN_CONSTANT_CONVERSION = YES;
				CLANG_WARN_DIRECT_OBJC_ISA_USAGE = YES_ERROR;
				CLANG_WARN_EMPTY_BODY = YES;
				CLANG_WARN_ENUM_CONVERSION = YES;
				CLANG_WARN_INT_CONVERSION = YES;
				CLANG_WARN_OBJC_ROOT_CLASS = YES_ERROR;
				CLANG_WARN_UNREACHABLE_CODE = YES;
				CLANG_WARN__DUPLICATE_METHOD_MATCH = YES;
				"CODE_SIGN_IDENTITY[sdk=iphoneos*]" = "iPhone Developer";
				COPY_PHASE_STRIP = NO;
				DEBUG_INFORMATION_FORMAT = "dwarf-with-dsym";
				ENABLE_NS_ASSERTIONS = NO;
				ENABLE_STRICT_OBJC_MSGSEND = YES;
				GCC_C_LANGUAGE_STANDARD = gnu99;
				GCC_NO_COMMON_BLOCKS = YES;
				GCC_WARN_64_TO_32_BIT_CONVERSION = YES;
				GCC_WARN_ABOUT_RETURN_TYPE = YES_ERROR;
				GCC_WARN_UNDECLARED_SELECTOR = YES;
				GCC_WARN_UNINITIALIZED_AUTOS = YES_AGGRESSIVE;
				GCC_WARN_UNUSED_FUNCTION = YES;
				GCC_WARN_UNUSED_VARIABLE = YES;
				IPHONEOS_DEPLOYMENT_TARGET = 9.2;
				MTL_ENABLE_DEBUG_INFO = NO;
				SDKROOT = iphoneos;
				TARGETED_DEVICE_FAMILY = "1,2";
				VALIDATE_PRODUCT = YES;
			};
			name = Release;
		};
		616022C81D18973C00891945 /* Debug */ = {
			isa = XCBuildConfiguration;
			buildSettings = {
				ASSETCATALOG_COMPILER_APPICON_NAME = AppIcon;
				INFOPLIST_FILE = "Tip Me 2.0/Info.plist";
				LD_RUNPATH_SEARCH_PATHS = "$(inherited) @executable_path/Frameworks";
				PRODUCT_BUNDLE_IDENTIFIER = "com.makeschool.Tip-Me-2-0";
				PRODUCT_NAME = "$(TARGET_NAME)";
			};
			name = Debug;
		};
		616022C91D18973C00891945 /* Release */ = {
			isa = XCBuildConfiguration;
			buildSettings = {
				ASSETCATALOG_COMPILER_APPICON_NAME = AppIcon;
				INFOPLIST_FILE = "Tip Me 2.0/Info.plist";
				LD_RUNPATH_SEARCH_PATHS = "$(inherited) @executable_path/Frameworks";
				PRODUCT_BUNDLE_IDENTIFIER = "com.makeschool.Tip-Me-2-0";
				PRODUCT_NAME = "$(TARGET_NAME)";
			};
			name = Release;
		};
/* End XCBuildConfiguration section */

/* Begin XCConfigurationList section */
		616022B01D18973C00891945 /* Build configuration list for PBXProject "Tip Me 2.0" */ = {
			isa = XCConfigurationList;
			buildConfigurations = (
				616022C51D18973C00891945 /* Debug */,
				616022C61D18973C00891945 /* Release */,
			);
			defaultConfigurationIsVisible = 0;
			defaultConfigurationName = Release;
		};
		616022C71D18973C00891945 /* Build configuration list for PBXNativeTarget "Tip Me 2.0" */ = {
			isa = XCConfigurationList;
			buildConfigurations = (
				616022C81D18973C00891945 /* Debug */,
				616022C91D18973C00891945 /* Release */,
			);
			defaultConfigurationIsVisible = 0;
		};
/* End XCConfigurationList section */
	};
	rootObject = 616022AD1D18973C00891945 /* Project object */;
}
